
Microsoft Visual Studio Solution File, Format Version 12.00
# Visual Studio Version 16
VisualStudioVersion = 16.0.30104.148
MinimumVisualStudioVersion = 10.0.40219.1
Project("{9A19103F-16F7-4668-BE54-9A1E7A4F7556}") = "ScansBot", "ScansBot\ScansBot.csproj", "{D304E954-02EC-4673-8A3D-2A9FDF7E4ECB}"
EndProject
Project("{FAE04EC0-301F-11D3-BF4B-00C04F79EFBC}") = "MangaDexApi", "MangaDexApi\MangaDexApi.csproj", "{B341E629-85A2-4C90-B7A6-9BFE0C5877F0}"
EndProject
Global
	GlobalSection(SolutionConfigurationPlatforms) = preSolution
		Debug|Any CPU = Debug|Any CPU
		Release|Any CPU = Release|Any CPU
	EndGlobalSection
	GlobalSection(ProjectConfigurationPlatforms) = postSolution
		{D304E954-02EC-4673-8A3D-2A9FDF7E4ECB}.Debug|Any CPU.ActiveCfg = Debug|Any CPU
		{D304E954-02EC-4673-8A3D-2A9FDF7E4ECB}.Debug|Any CPU.Build.0 = Debug|Any CPU
		{D304E954-02EC-4673-8A3D-2A9FDF7E4ECB}.Release|Any CPU.ActiveCfg = Release|Any CPU
		{D304E954-02EC-4673-8A3D-2A9FDF7E4ECB}.Release|Any CPU.Build.0 = Release|Any CPU
		{B341E629-85A2-4C90-B7A6-9BFE0C5877F0}.Debug|Any CPU.ActiveCfg = Debug|Any CPU
		{B341E629-85A2-4C90-B7A6-9BFE0C5877F0}.Debug|Any CPU.Build.0 = Debug|Any CPU
		{B341E629-85A2-4C90-B7A6-9BFE0C5877F0}.Release|Any CPU.ActiveCfg = Release|Any CPU
		{B341E629-85A2-4C90-B7A6-9BFE0C5877F0}.Release|Any CPU.Build.0 = Release|Any CPU
	EndGlobalSection
	GlobalSection(SolutionProperties) = preSolution
		HideSolutionNode = FALSE
	EndGlobalSection
	GlobalSection(ExtensibilityGlobals) = postSolution
		SolutionGuid = {00AE033B-9FC3-4450-840E-A60A264246D7}
	EndGlobalSection
EndGlobal
